
Microsoft Visual Studio Solution File, Format Version 12.00
# Visual Studio Version 17
VisualStudioVersion = 17.0.31903.59
MinimumVisualStudioVersion = 10.0.40219.1
Project("{2150E333-8FDC-42A3-9474-1A3956D46DE8}") = "src", "src", "{D842754A-BD93-4E64-BD20-B8CE75F11DB8}"
EndProject
Project("{FAE04EC0-301F-11D3-BF4B-00C04F79EFBC}") = "AuctionService", "src\AuctionService\AuctionService.csproj", "{7EB112BB-48F9-4171-92B1-4EA1174A6865}"
EndProject
Project("{FAE04EC0-301F-11D3-BF4B-00C04F79EFBC}") = "SearchService", "src\SearchService\SearchService.csproj", "{623996E1-94DA-451C-99B9-1048E91250A6}"
EndProject
Project("{FAE04EC0-301F-11D3-BF4B-00C04F79EFBC}") = "Contracts", "src\Contracts\Contracts.csproj", "{A621F86D-1DB2-42E9-84AC-D9EA998D8620}"
EndProject
Project("{FAE04EC0-301F-11D3-BF4B-00C04F79EFBC}") = "IdentityService", "src\IdentityService\IdentityService.csproj", "{7221FE79-88C4-4B40-A3AC-EC289EF89D41}"
EndProject
Project("{FAE04EC0-301F-11D3-BF4B-00C04F79EFBC}") = "GatewayService", "src\GatewayService\GatewayService.csproj", "{48125EDB-F979-47F3-B071-1EADA9E39557}"
EndProject
Project("{FAE04EC0-301F-11D3-BF4B-00C04F79EFBC}") = "BiddingService", "src\BiddingService\BiddingService.csproj", "{9D9475F7-8712-45EE-8DC8-B694B64FBD1B}"
EndProject
Global
	GlobalSection(SolutionConfigurationPlatforms) = preSolution
		Debug|Any CPU = Debug|Any CPU
		Release|Any CPU = Release|Any CPU
	EndGlobalSection
	GlobalSection(SolutionProperties) = preSolution
		HideSolutionNode = FALSE
	EndGlobalSection
	GlobalSection(ProjectConfigurationPlatforms) = postSolution
		{7EB112BB-48F9-4171-92B1-4EA1174A6865}.Debug|Any CPU.ActiveCfg = Debug|Any CPU
		{7EB112BB-48F9-4171-92B1-4EA1174A6865}.Debug|Any CPU.Build.0 = Debug|Any CPU
		{7EB112BB-48F9-4171-92B1-4EA1174A6865}.Release|Any CPU.ActiveCfg = Release|Any CPU
		{7EB112BB-48F9-4171-92B1-4EA1174A6865}.Release|Any CPU.Build.0 = Release|Any CPU
		{623996E1-94DA-451C-99B9-1048E91250A6}.Debug|Any CPU.ActiveCfg = Debug|Any CPU
		{623996E1-94DA-451C-99B9-1048E91250A6}.Debug|Any CPU.Build.0 = Debug|Any CPU
		{623996E1-94DA-451C-99B9-1048E91250A6}.Release|Any CPU.ActiveCfg = Release|Any CPU
		{623996E1-94DA-451C-99B9-1048E91250A6}.Release|Any CPU.Build.0 = Release|Any CPU
		{A621F86D-1DB2-42E9-84AC-D9EA998D8620}.Debug|Any CPU.ActiveCfg = Debug|Any CPU
		{A621F86D-1DB2-42E9-84AC-D9EA998D8620}.Debug|Any CPU.Build.0 = Debug|Any CPU
		{A621F86D-1DB2-42E9-84AC-D9EA998D8620}.Release|Any CPU.ActiveCfg = Release|Any CPU
		{A621F86D-1DB2-42E9-84AC-D9EA998D8620}.Release|Any CPU.Build.0 = Release|Any CPU
		{7221FE79-88C4-4B40-A3AC-EC289EF89D41}.Debug|Any CPU.ActiveCfg = Debug|Any CPU
		{7221FE79-88C4-4B40-A3AC-EC289EF89D41}.Debug|Any CPU.Build.0 = Debug|Any CPU
		{7221FE79-88C4-4B40-A3AC-EC289EF89D41}.Release|Any CPU.ActiveCfg = Release|Any CPU
		{7221FE79-88C4-4B40-A3AC-EC289EF89D41}.Release|Any CPU.Build.0 = Release|Any CPU
		{48125EDB-F979-47F3-B071-1EADA9E39557}.Debug|Any CPU.ActiveCfg = Debug|Any CPU
		{48125EDB-F979-47F3-B071-1EADA9E39557}.Debug|Any CPU.Build.0 = Debug|Any CPU
		{48125EDB-F979-47F3-B071-1EADA9E39557}.Release|Any CPU.ActiveCfg = Release|Any CPU
		{48125EDB-F979-47F3-B071-1EADA9E39557}.Release|Any CPU.Build.0 = Release|Any CPU
		{9D9475F7-8712-45EE-8DC8-B694B64FBD1B}.Debug|Any CPU.ActiveCfg = Debug|Any CPU
		{9D9475F7-8712-45EE-8DC8-B694B64FBD1B}.Debug|Any CPU.Build.0 = Debug|Any CPU
		{9D9475F7-8712-45EE-8DC8-B694B64FBD1B}.Release|Any CPU.ActiveCfg = Release|Any CPU
		{9D9475F7-8712-45EE-8DC8-B694B64FBD1B}.Release|Any CPU.Build.0 = Release|Any CPU
	EndGlobalSection
	GlobalSection(NestedProjects) = preSolution
		{7EB112BB-48F9-4171-92B1-4EA1174A6865} = {D842754A-BD93-4E64-BD20-B8CE75F11DB8}
		{623996E1-94DA-451C-99B9-1048E91250A6} = {D842754A-BD93-4E64-BD20-B8CE75F11DB8}
		{A621F86D-1DB2-42E9-84AC-D9EA998D8620} = {D842754A-BD93-4E64-BD20-B8CE75F11DB8}
		{7221FE79-88C4-4B40-A3AC-EC289EF89D41} = {D842754A-BD93-4E64-BD20-B8CE75F11DB8}
		{48125EDB-F979-47F3-B071-1EADA9E39557} = {D842754A-BD93-4E64-BD20-B8CE75F11DB8}
		{9D9475F7-8712-45EE-8DC8-B694B64FBD1B} = {D842754A-BD93-4E64-BD20-B8CE75F11DB8}
	EndGlobalSection
EndGlobal
